
Microsoft Visual Studio Solution File, Format Version 12.00
# Visual Studio Version 16
VisualStudioVersion = 16.0.30523.141
MinimumVisualStudioVersion = 10.0.40219.1
Project("{9A19103F-16F7-4668-BE54-9A1E7A4F7556}") = "geoAPI", "geoAPI\geoAPI.csproj", "{C17535C1-44A8-40C3-9366-AE2B4C2F9550}"
EndProject
Project("{E53339B2-1760-4266-BCC7-CA923CBCF16C}") = "docker-compose", "docker-compose.dcproj", "{43B128C4-BB3F-480C-8813-00926ED4BBDE}"
EndProject
Project("{FAE04EC0-301F-11D3-BF4B-00C04F79EFBC}") = "geoAPI.Models", "geoAPI.Models\geoAPI.Models.csproj", "{96DC7CC8-2B60-4B19-9470-F12BF7ACFA06}"
EndProject
Project("{FAE04EC0-301F-11D3-BF4B-00C04F79EFBC}") = "geoAPI.App", "geoAPI.App\geoAPI.App.csproj", "{4F5162A1-17F6-4E11-AC01-C63BA7D1C443}"
EndProject
Global
	GlobalSection(SolutionConfigurationPlatforms) = preSolution
		Debug|Any CPU = Debug|Any CPU
		Release|Any CPU = Release|Any CPU
	EndGlobalSection
	GlobalSection(ProjectConfigurationPlatforms) = postSolution
		{C17535C1-44A8-40C3-9366-AE2B4C2F9550}.Debug|Any CPU.ActiveCfg = Debug|Any CPU
		{C17535C1-44A8-40C3-9366-AE2B4C2F9550}.Debug|Any CPU.Build.0 = Debug|Any CPU
		{C17535C1-44A8-40C3-9366-AE2B4C2F9550}.Release|Any CPU.ActiveCfg = Release|Any CPU
		{C17535C1-44A8-40C3-9366-AE2B4C2F9550}.Release|Any CPU.Build.0 = Release|Any CPU
		{43B128C4-BB3F-480C-8813-00926ED4BBDE}.Debug|Any CPU.ActiveCfg = Debug|Any CPU
		{43B128C4-BB3F-480C-8813-00926ED4BBDE}.Debug|Any CPU.Build.0 = Debug|Any CPU
		{43B128C4-BB3F-480C-8813-00926ED4BBDE}.Release|Any CPU.ActiveCfg = Release|Any CPU
		{43B128C4-BB3F-480C-8813-00926ED4BBDE}.Release|Any CPU.Build.0 = Release|Any CPU
		{96DC7CC8-2B60-4B19-9470-F12BF7ACFA06}.Debug|Any CPU.ActiveCfg = Debug|Any CPU
		{96DC7CC8-2B60-4B19-9470-F12BF7ACFA06}.Debug|Any CPU.Build.0 = Debug|Any CPU
		{96DC7CC8-2B60-4B19-9470-F12BF7ACFA06}.Release|Any CPU.ActiveCfg = Release|Any CPU
		{96DC7CC8-2B60-4B19-9470-F12BF7ACFA06}.Release|Any CPU.Build.0 = Release|Any CPU
		{4F5162A1-17F6-4E11-AC01-C63BA7D1C443}.Debug|Any CPU.ActiveCfg = Debug|Any CPU
		{4F5162A1-17F6-4E11-AC01-C63BA7D1C443}.Debug|Any CPU.Build.0 = Debug|Any CPU
		{4F5162A1-17F6-4E11-AC01-C63BA7D1C443}.Release|Any CPU.ActiveCfg = Release|Any CPU
		{4F5162A1-17F6-4E11-AC01-C63BA7D1C443}.Release|Any CPU.Build.0 = Release|Any CPU
	EndGlobalSection
	GlobalSection(SolutionProperties) = preSolution
		HideSolutionNode = FALSE
	EndGlobalSection
	GlobalSection(ExtensibilityGlobals) = postSolution
		SolutionGuid = {D0D6A7A4-6C8F-410B-AA8A-ED7E809AF107}
	EndGlobalSection
EndGlobal
